// !$*UTF8*$!
{
	archiveVersion = 1;
	classes = {
	};
	objectVersion = 50;
	objects = {

/* Begin PBXBuildFile section */
		6E3D918A28AE0A63000AF1DC /* main.m in Sources */ = {isa = PBXBuildFile; fileRef = 6E3D918928AE0A63000AF1DC /* main.m */; };
		6E3D919328AE0AAD000AF1DC /* selectSort.m in Sources */ = {isa = PBXBuildFile; fileRef = 6E3D919228AE0AAD000AF1DC /* selectSort.m */; };
		6E3D919C28AE0E5A000AF1DC /* quickSort.m in Sources */ = {isa = PBXBuildFile; fileRef = 6E3D919B28AE0E5A000AF1DC /* quickSort.m */; };
		6E3D91A028AE0EA4000AF1DC /* heapSort.m in Sources */ = {isa = PBXBuildFile; fileRef = 6E3D919F28AE0EA4000AF1DC /* heapSort.m */; };
/* End PBXBuildFile section */

/* Begin PBXCopyFilesBuildPhase section */
		6E3D918428AE0A63000AF1DC /* CopyFiles */ = {
			isa = PBXCopyFilesBuildPhase;
			buildActionMask = 2147483647;
			dstPath = /usr/share/man/man1/;
			dstSubfolderSpec = 0;
			files = (
			);
			runOnlyForDeploymentPostprocessing = 1;
		};
/* End PBXCopyFilesBuildPhase section */

/* Begin PBXFileReference section */
		6E3D918628AE0A63000AF1DC /* ocBasis_sorting */ = {isa = PBXFileReference; explicitFileType = "compiled.mach-o.executable"; includeInIndex = 0; path = ocBasis_sorting; sourceTree = BUILT_PRODUCTS_DIR; };
		6E3D918928AE0A63000AF1DC /* main.m */ = {isa = PBXFileReference; lastKnownFileType = sourcecode.c.objc; path = main.m; sourceTree = "<group>"; };
		6E3D919128AE0AAD000AF1DC /* selectSort.h */ = {isa = PBXFileReference; lastKnownFileType = sourcecode.c.h; path = selectSort.h; sourceTree = "<group>"; };
		6E3D919228AE0AAD000AF1DC /* selectSort.m */ = {isa = PBXFileReference; lastKnownFileType = sourcecode.c.objc; path = selectSort.m; sourceTree = "<group>"; };
		6E3D919A28AE0E5A000AF1DC /* quickSort.h */ = {isa = PBXFileReference; lastKnownFileType = sourcecode.c.h; path = quickSort.h; sourceTree = "<group>"; };
		6E3D919B28AE0E5A000AF1DC /* quickSort.m */ = {isa = PBXFileReference; lastKnownFileType = sourcecode.c.objc; path = quickSort.m; sourceTree = "<group>"; };
		6E3D919E28AE0EA4000AF1DC /* heapSort.h */ = {isa = PBXFileReference; lastKnownFileType = sourcecode.c.h; path = heapSort.h; sourceTree = "<group>"; };
		6E3D919F28AE0EA4000AF1DC /* heapSort.m */ = {isa = PBXFileReference; lastKnownFileType = sourcecode.c.objc; path = heapSort.m; sourceTree = "<group>"; };
/* End PBXFileReference section */

/* Begin PBXFrameworksBuildPhase section */
		6E3D918328AE0A63000AF1DC /* Frameworks */ = {
			isa = PBXFrameworksBuildPhase;
			buildActionMask = 2147483647;
			files = (
			);
			runOnlyForDeploymentPostprocessing = 0;
		};
/* End PBXFrameworksBuildPhase section */

/* Begin PBXGroup section */
		6E3D917D28AE0A63000AF1DC = {
			isa = PBXGroup;
			children = (
				6E3D918828AE0A63000AF1DC /* ocBasis_sorting */,
				6E3D918728AE0A63000AF1DC /* Products */,
			);
			sourceTree = "<group>";
		};
		6E3D918728AE0A63000AF1DC /* Products */ = {
			isa = PBXGroup;
			children = (
				6E3D918628AE0A63000AF1DC /* ocBasis_sorting */,
			);
			name = Products;
			sourceTree = "<group>";
		};
		6E3D918828AE0A63000AF1DC /* ocBasis_sorting */ = {
			isa = PBXGroup;
			children = (
				6E3D918928AE0A63000AF1DC /* main.m */,
				6E3D919128AE0AAD000AF1DC /* selectSort.h */,
				6E3D919228AE0AAD000AF1DC /* selectSort.m */,
				6E3D919A28AE0E5A000AF1DC /* quickSort.h */,
				6E3D919B28AE0E5A000AF1DC /* quickSort.m */,
				6E3D919E28AE0EA4000AF1DC /* heapSort.h */,
				6E3D919F28AE0EA4000AF1DC /* heapSort.m */,
			);
			path = ocBasis_sorting;
			sourceTree = "<group>";
		};
/* End PBXGroup section */

/* Begin PBXNativeTarget section */
		6E3D918528AE0A63000AF1DC /* ocBasis_sorting */ = {
			isa = PBXNativeTarget;
			buildConfigurationList = 6E3D918D28AE0A63000AF1DC /* Build configuration list for PBXNativeTarget "ocBasis_sorting" */;
			buildPhases = (
				6E3D918228AE0A63000AF1DC /* Sources */,
				6E3D918328AE0A63000AF1DC /* Frameworks */,
				6E3D918428AE0A63000AF1DC /* CopyFiles */,
			);
			buildRules = (
			);
			dependencies = (
			);
			name = ocBasis_sorting;
			productName = ocBasis_sorting;
			productReference = 6E3D918628AE0A63000AF1DC /* ocBasis_sorting */;
			productType = "com.apple.product-type.tool";
		};
/* End PBXNativeTarget section */

/* Begin PBXProject section */
		6E3D917E28AE0A63000AF1DC /* Project object */ = {
			isa = PBXProject;
			attributes = {
				LastUpgradeCheck = 1220;
				TargetAttributes = {
					6E3D918528AE0A63000AF1DC = {
						CreatedOnToolsVersion = 12.2;
					};
				};
			};
			buildConfigurationList = 6E3D918128AE0A63000AF1DC /* Build configuration list for PBXProject "ocBasis_sorting" */;
			compatibilityVersion = "Xcode 9.3";
			developmentRegion = en;
			hasScannedForEncodings = 0;
			knownRegions = (
				en,
				Base,
			);
			mainGroup = 6E3D917D28AE0A63000AF1DC;
			productRefGroup = 6E3D918728AE0A63000AF1DC /* Products */;
			projectDirPath = "";
			projectRoot = "";
			targets = (
				6E3D918528AE0A63000AF1DC /* ocBasis_sorting */,
			);
		};
/* End PBXProject section */

/* Begin PBXSourcesBuildPhase section */
		6E3D918228AE0A63000AF1DC /* Sources */ = {
			isa = PBXSourcesBuildPhase;
			buildActionMask = 2147483647;
			files = (
				6E3D918A28AE0A63000AF1DC /* main.m in Sources */,
				6E3D919328AE0AAD000AF1DC /* selectSort.m in Sources */,
				6E3D919C28AE0E5A000AF1DC /* quickSort.m in Sources */,
				6E3D91A028AE0EA4000AF1DC /* heapSort.m in Sources */,
			);
			runOnlyForDeploymentPostprocessing = 0;
		};
/* End PBXSourcesBuildPhase section */

/* Begin XCBuildConfiguration section */
		6E3D918B28AE0A63000AF1DC /* Debug */ = {
			isa = XCBuildConfiguration;
			buildSettings = {
				ALWAYS_SEARCH_USER_PATHS = NO;
				CLANG_ANALYZER_NONNULL = YES;
				CLANG_ANALYZER_NUMBER_OBJECT_CONVERSION = YES_AGGRESSIVE;
				CLANG_CXX_LANGUAGE_STANDARD = "gnu++14";
				CLANG_CXX_LIBRARY = "libc++";
				CLANG_ENABLE_MODULES = YES;
				CLANG_ENABLE_OBJC_ARC = YES;
				CLANG_ENABLE_OBJC_WEAK = YES;
				CLANG_WARN_BLOCK_CAPTURE_AUTORELEASING = YES;
				CLANG_WARN_BOOL_CONVERSION = YES;
				CLANG_WARN_COMMA = YES;
				CLANG_WARN_CONSTANT_CONVERSION = YES;
				CLANG_WARN_DEPRECATED_OBJC_IMPLEMENTATIONS = YES;
				CLANG_WARN_DIRECT_OBJC_ISA_USAGE = YES_ERROR;
				CLANG_WARN_DOCUMENTATION_COMMENTS = YES;
				CLANG_WARN_EMPTY_BODY = YES;
				CLANG_WARN_ENUM_CONVERSION = YES;
				CLANG_WARN_INFINITE_RECURSION = YES;
				CLANG_WARN_INT_CONVERSION = YES;
				CLANG_WARN_NON_LITERAL_NULL_CONVERSION = YES;
				CLANG_WARN_OBJC_IMPLICIT_RETAIN_SELF = YES;
				CLANG_WARN_OBJC_LITERAL_CONVERSION = YES;
				CLANG_WARN_OBJC_ROOT_CLASS = YES_ERROR;
				CLANG_WARN_QUOTED_INCLUDE_IN_FRAMEWORK_HEADER = YES;
				CLANG_WARN_RANGE_LOOP_ANALYSIS = YES;
				CLANG_WARN_STRICT_PROTOTYPES = YES;
				CLANG_WARN_SUSPICIOUS_MOVE = YES;
				CLANG_WARN_UNGUARDED_AVAILABILITY = YES_AGGRESSIVE;
				CLANG_WARN_UNREACHABLE_CODE = YES;
				CLANG_WARN__DUPLICATE_METHOD_MATCH = YES;
				COPY_PHASE_STRIP = NO;
				DEBUG_INFORMATION_FORMAT = dwarf;
				ENABLE_STRICT_OBJC_MSGSEND = YES;
				ENABLE_TESTABILITY = YES;
				GCC_C_LANGUAGE_STANDARD = gnu11;
				GCC_DYNAMIC_NO_PIC = NO;
				GCC_NO_COMMON_BLOCKS = YES;
				GCC_OPTIMIZATION_LEVEL = 0;
				GCC_PREPROCESSOR_DEFINITIONS = (
					"DEBUG=1",
					"$(inherited)",
				);
				GCC_WARN_64_TO_32_BIT_CONVERSION = YES;
				GCC_WARN_ABOUT_RETURN_TYPE = YES_ERROR;
				GCC_WARN_UNDECLARED_SELECTOR = YES;
				GCC_WARN_UNINITIALIZED_AUTOS = YES_AGGRESSIVE;
				GCC_WARN_UNUSED_FUNCTION = YES;
				GCC_WARN_UNUSED_VARIABLE = YES;
				MACOSX_DEPLOYMENT_TARGET = 11.0;
				MTL_ENABLE_DEBUG_INFO = INCLUDE_SOURCE;
				MTL_FAST_MATH = YES;
				ONLY_ACTIVE_ARCH = YES;
				SDKROOT = macosx;
			};
			name = Debug;
		};
		6E3D918C28AE0A63000AF1DC /* Release */ = {
			isa = XCBuildConfiguration;
			buildSettings = {
				ALWAYS_SEARCH_USER_PATHS = NO;
				CLANG_ANALYZER_NONNULL = YES;
				CLANG_ANALYZER_NUMBER_OBJECT_CONVERSION = YES_AGGRESSIVE;
				CLANG_CXX_LANGUAGE_STANDARD = "gnu++14";
				CLANG_CXX_LIBRARY = "libc++";
				CLANG_ENABLE_MODULES = YES;
				CLANG_ENABLE_OBJC_ARC = YES;
				CLANG_ENABLE_OBJC_WEAK = YES;
				CLANG_WARN_BLOCK_CAPTURE_AUTORELEASING = YES;
				CLANG_WARN_BOOL_CONVERSION = YES;
				CLANG_WARN_COMMA = YES;
				CLANG_WARN_CONSTANT_CONVERSION = YES;
				CLANG_WARN_DEPRECATED_OBJC_IMPLEMENTATIONS = YES;
				CLANG_WARN_DIRECT_OBJC_ISA_USAGE = YES_ERROR;
				CLANG_WARN_DOCUMENTATION_COMMENTS = YES;
				CLANG_WARN_EMPTY_BODY = YES;
				CLANG_WARN_ENUM_CONVERSION = YES;
				CLANG_WARN_INFINITE_RECURSION = YES;
				CLANG_WARN_INT_CONVERSION = YES;
				CLANG_WARN_NON_LITERAL_NULL_CONVERSION = YES;
				CLANG_WARN_OBJC_IMPLICIT_RETAIN_SELF = YES;
				CLANG_WARN_OBJC_LITERAL_CONVERSION = YES;
				CLANG_WARN_OBJC_ROOT_CLASS = YES_ERROR;
				CLANG_WARN_QUOTED_INCLUDE_IN_FRAMEWORK_HEADER = YES;
				CLANG_WARN_RANGE_LOOP_ANALYSIS = YES;
				CLANG_WARN_STRICT_PROTOTYPES = YES;
				CLANG_WARN_SUSPICIOUS_MOVE = YES;
				CLANG_WARN_UNGUARDED_AVAILABILITY = YES_AGGRESSIVE;
				CLANG_WARN_UNREACHABLE_CODE = YES;
				CLANG_WARN__DUPLICATE_METHOD_MATCH = YES;
				COPY_PHASE_STRIP = NO;
				DEBUG_INFORMATION_FORMAT = "dwarf-with-dsym";
				ENABLE_NS_ASSERTIONS = NO;
				ENABLE_STRICT_OBJC_MSGSEND = YES;
				GCC_C_LANGUAGE_STANDARD = gnu11;
				GCC_NO_COMMON_BLOCKS = YES;
				GCC_WARN_64_TO_32_BIT_CONVERSION = YES;
				GCC_WARN_ABOUT_RETURN_TYPE = YES_ERROR;
				GCC_WARN_UNDECLARED_SELECTOR = YES;
				GCC_WARN_UNINITIALIZED_AUTOS = YES_AGGRESSIVE;
				GCC_WARN_UNUSED_FUNCTION = YES;
				GCC_WARN_UNUSED_VARIABLE = YES;
				MACOSX_DEPLOYMENT_TARGET = 11.0;
				MTL_ENABLE_DEBUG_INFO = NO;
				MTL_FAST_MATH = YES;
				SDKROOT = macosx;
			};
			name = Release;
		};
		6E3D918E28AE0A63000AF1DC /* Debug */ = {
			isa = XCBuildConfiguration;
			buildSettings = {
				CODE_SIGN_STYLE = Automatic;
				DEVELOPMENT_TEAM = 9XDFN6SH8V;
				ENABLE_HARDENED_RUNTIME = YES;
				PRODUCT_NAME = "$(TARGET_NAME)";
			};
			name = Debug;
		};
		6E3D918F28AE0A63000AF1DC /* Release */ = {
			isa = XCBuildConfiguration;
			buildSettings = {
				CODE_SIGN_STYLE = Automatic;
				DEVELOPMENT_TEAM = 9XDFN6SH8V;
				ENABLE_HARDENED_RUNTIME = YES;
				PRODUCT_NAME = "$(TARGET_NAME)";
			};
			name = Release;
		};
/* End XCBuildConfiguration section */

/* Begin XCConfigurationList section */
		6E3D918128AE0A63000AF1DC /* Build configuration list for PBXProject "ocBasis_sorting" */ = {
			isa = XCConfigurationList;
			buildConfigurations = (
				6E3D918B28AE0A63000AF1DC /* Debug */,
				6E3D918C28AE0A63000AF1DC /* Release */,
			);
			defaultConfigurationIsVisible = 0;
			defaultConfigurationName = Release;
		};
		6E3D918D28AE0A63000AF1DC /* Build configuration list for PBXNativeTarget "ocBasis_sorting" */ = {
			isa = XCConfigurationList;
			buildConfigurations = (
				6E3D918E28AE0A63000AF1DC /* Debug */,
				6E3D918F28AE0A63000AF1DC /* Release */,
			);
			defaultConfigurationIsVisible = 0;
			defaultConfigurationName = Release;
		};
/* End XCConfigurationList section */
	};
	rootObject = 6E3D917E28AE0A63000AF1DC /* Project object */;
}
